
Microsoft Visual Studio Solution File, Format Version 12.00
# Visual Studio 15
VisualStudioVersion = 15.0.28307.1062
MinimumVisualStudioVersion = 10.0.40219.1
Project("{FAE04EC0-301F-11D3-BF4B-00C04F79EFBC}") = "FASTAlumniPortal_Web", "FASTAlumniPortal_Web\FASTAlumniPortal_Web.csproj", "{9B11CBF6-7187-421D-B525-CC37D4CA5CF5}"
EndProject
Global
	GlobalSection(SolutionConfigurationPlatforms) = preSolution
		Debug|Any CPU = Debug|Any CPU
		Release|Any CPU = Release|Any CPU
	EndGlobalSection
	GlobalSection(ProjectConfigurationPlatforms) = postSolution
		{9B11CBF6-7187-421D-B525-CC37D4CA5CF5}.Debug|Any CPU.ActiveCfg = Debug|Any CPU
		{9B11CBF6-7187-421D-B525-CC37D4CA5CF5}.Debug|Any CPU.Build.0 = Debug|Any CPU
		{9B11CBF6-7187-421D-B525-CC37D4CA5CF5}.Release|Any CPU.ActiveCfg = Release|Any CPU
		{9B11CBF6-7187-421D-B525-CC37D4CA5CF5}.Release|Any CPU.Build.0 = Release|Any CPU
	EndGlobalSection
	GlobalSection(SolutionProperties) = preSolution
		HideSolutionNode = FALSE
	EndGlobalSection
	GlobalSection(ExtensibilityGlobals) = postSolution
		SolutionGuid = {2E4C1047-B2F0-4183-ABD7-725CEF399DB9}
	EndGlobalSection
EndGlobal
